
Microsoft Visual Studio Solution File, Format Version 12.00
# Visual Studio 15
Project("{8BC9CEB8-8B4A-11D0-8D11-00A0C91BC942}") = "ALL_BUILD", "ALL_BUILD.vcxproj", "{BA220881-4203-3693-B52B-D3D5EC50B4F3}"
	ProjectSection(ProjectDependencies) = postProject
		{6603AD85-A37C-35FD-89FB-A09A38832C88} = {6603AD85-A37C-35FD-89FB-A09A38832C88}
		{B104C304-3DE2-36E6-AB69-B37CA4F21BEB} = {B104C304-3DE2-36E6-AB69-B37CA4F21BEB}
		{8D2C82BC-B4EB-367D-84F2-9E9A4586644A} = {8D2C82BC-B4EB-367D-84F2-9E9A4586644A}
		{BF4DD6AA-CCD7-35E0-89AE-EB354E083FBF} = {BF4DD6AA-CCD7-35E0-89AE-EB354E083FBF}
		{82B306BE-5085-3405-A598-18EC00457635} = {82B306BE-5085-3405-A598-18EC00457635}
		{7E068E5F-2CDF-3D31-9DB6-BB16AC9854B7} = {7E068E5F-2CDF-3D31-9DB6-BB16AC9854B7}
		{740BBFBF-D4CF-3C83-9FA4-B11C9B9B37C4} = {740BBFBF-D4CF-3C83-9FA4-B11C9B9B37C4}
		{8878221F-BF0C-375E-B5C0-4A6414A6F650} = {8878221F-BF0C-375E-B5C0-4A6414A6F650}
		{71D9B555-F9A3-39B2-8468-83842E08365D} = {71D9B555-F9A3-39B2-8468-83842E08365D}
		{DDD0E1EB-C902-3274-B0D6-78924F609496} = {DDD0E1EB-C902-3274-B0D6-78924F609496}
		{42DD5E83-2D08-3E94-AA87-AA68A47B6E60} = {42DD5E83-2D08-3E94-AA87-AA68A47B6E60}
		{7012B178-0A56-32D4-96D6-1D5AE85A5054} = {7012B178-0A56-32D4-96D6-1D5AE85A5054}
		{74E1278F-941D-3202-B15E-463F7C856DCA} = {74E1278F-941D-3202-B15E-463F7C856DCA}
		{3178BDF4-8383-3571-9595-B64007B39E11} = {3178BDF4-8383-3571-9595-B64007B39E11}
		{F5BE76A2-DF37-33EE-9040-2AEA74DC72B4} = {F5BE76A2-DF37-33EE-9040-2AEA74DC72B4}
		{0B76EA45-E92F-31BD-9ED4-090945F71700} = {0B76EA45-E92F-31BD-9ED4-090945F71700}
		{890E1419-B783-39C8-A271-9E0A8293FE3C} = {890E1419-B783-39C8-A271-9E0A8293FE3C}
		{985BCBEE-153B-35BB-8288-C84874E9F4B9} = {985BCBEE-153B-35BB-8288-C84874E9F4B9}
		{3927D6A6-0A81-388D-AC79-4CE4A68D56ED} = {3927D6A6-0A81-388D-AC79-4CE4A68D56ED}
		{41DF51A1-4C15-3FA6-B6A7-4107774D0EC1} = {41DF51A1-4C15-3FA6-B6A7-4107774D0EC1}
		{6FF1169A-5CDA-34F0-A219-39AED08C205E} = {6FF1169A-5CDA-34F0-A219-39AED08C205E}
		{E17FFCFB-3447-34AD-B371-8AE5C191C3AE} = {E17FFCFB-3447-34AD-B371-8AE5C191C3AE}
		{46835CCD-7D36-3CB0-9BD3-08828FA2E51A} = {46835CCD-7D36-3CB0-9BD3-08828FA2E51A}
		{4466A456-0C45-375C-8E74-E797EB81B3D8} = {4466A456-0C45-375C-8E74-E797EB81B3D8}
	EndProjectSection
EndProject
Project("{8BC9CEB8-8B4A-11D0-8D11-00A0C91BC942}") = "INSTALL", "INSTALL.vcxproj", "{642C5D13-AB2D-3C6E-8D83-6483A2D67796}"
	ProjectSection(ProjectDependencies) = postProject
		{BA220881-4203-3693-B52B-D3D5EC50B4F3} = {BA220881-4203-3693-B52B-D3D5EC50B4F3}
		{6603AD85-A37C-35FD-89FB-A09A38832C88} = {6603AD85-A37C-35FD-89FB-A09A38832C88}
	EndProjectSection
EndProject
Project("{8BC9CEB8-8B4A-11D0-8D11-00A0C91BC942}") = "RUN_TESTS", "RUN_TESTS.vcxproj", "{A29C46FF-2D41-37CC-A1D6-448096F9F8B8}"
	ProjectSection(ProjectDependencies) = postProject
		{6603AD85-A37C-35FD-89FB-A09A38832C88} = {6603AD85-A37C-35FD-89FB-A09A38832C88}
	EndProjectSection
EndProject
Project("{8BC9CEB8-8B4A-11D0-8D11-00A0C91BC942}") = "ZERO_CHECK", "ZERO_CHECK.vcxproj", "{6603AD85-A37C-35FD-89FB-A09A38832C88}"
	ProjectSection(ProjectDependencies) = postProject
	EndProjectSection
EndProject
Project("{8BC9CEB8-8B4A-11D0-8D11-00A0C91BC942}") = "client_examples_backchannel", "client_examples_backchannel.vcxproj", "{B104C304-3DE2-36E6-AB69-B37CA4F21BEB}"
	ProjectSection(ProjectDependencies) = postProject
		{6603AD85-A37C-35FD-89FB-A09A38832C88} = {6603AD85-A37C-35FD-89FB-A09A38832C88}
		{46835CCD-7D36-3CB0-9BD3-08828FA2E51A} = {46835CCD-7D36-3CB0-9BD3-08828FA2E51A}
	EndProjectSection
EndProject
Project("{8BC9CEB8-8B4A-11D0-8D11-00A0C91BC942}") = "client_examples_ppmtest", "client_examples_ppmtest.vcxproj", "{8D2C82BC-B4EB-367D-84F2-9E9A4586644A}"
	ProjectSection(ProjectDependencies) = postProject
		{6603AD85-A37C-35FD-89FB-A09A38832C88} = {6603AD85-A37C-35FD-89FB-A09A38832C88}
		{46835CCD-7D36-3CB0-9BD3-08828FA2E51A} = {46835CCD-7D36-3CB0-9BD3-08828FA2E51A}
	EndProjectSection
EndProject
Project("{8BC9CEB8-8B4A-11D0-8D11-00A0C91BC942}") = "examples_backchannel", "examples_backchannel.vcxproj", "{BF4DD6AA-CCD7-35E0-89AE-EB354E083FBF}"
	ProjectSection(ProjectDependencies) = postProject
		{6603AD85-A37C-35FD-89FB-A09A38832C88} = {6603AD85-A37C-35FD-89FB-A09A38832C88}
		{4466A456-0C45-375C-8E74-E797EB81B3D8} = {4466A456-0C45-375C-8E74-E797EB81B3D8}
	EndProjectSection
EndProject
Project("{8BC9CEB8-8B4A-11D0-8D11-00A0C91BC942}") = "examples_blooptest", "examples_blooptest.vcxproj", "{82B306BE-5085-3405-A598-18EC00457635}"
	ProjectSection(ProjectDependencies) = postProject
		{6603AD85-A37C-35FD-89FB-A09A38832C88} = {6603AD85-A37C-35FD-89FB-A09A38832C88}
		{4466A456-0C45-375C-8E74-E797EB81B3D8} = {4466A456-0C45-375C-8E74-E797EB81B3D8}
	EndProjectSection
EndProject
Project("{8BC9CEB8-8B4A-11D0-8D11-00A0C91BC942}") = "examples_camera", "examples_camera.vcxproj", "{7E068E5F-2CDF-3D31-9DB6-BB16AC9854B7}"
	ProjectSection(ProjectDependencies) = postProject
		{6603AD85-A37C-35FD-89FB-A09A38832C88} = {6603AD85-A37C-35FD-89FB-A09A38832C88}
		{4466A456-0C45-375C-8E74-E797EB81B3D8} = {4466A456-0C45-375C-8E74-E797EB81B3D8}
	EndProjectSection
EndProject
Project("{8BC9CEB8-8B4A-11D0-8D11-00A0C91BC942}") = "examples_colourmaptest", "examples_colourmaptest.vcxproj", "{740BBFBF-D4CF-3C83-9FA4-B11C9B9B37C4}"
	ProjectSection(ProjectDependencies) = postProject
		{6603AD85-A37C-35FD-89FB-A09A38832C88} = {6603AD85-A37C-35FD-89FB-A09A38832C88}
		{4466A456-0C45-375C-8E74-E797EB81B3D8} = {4466A456-0C45-375C-8E74-E797EB81B3D8}
	EndProjectSection
EndProject
Project("{8BC9CEB8-8B4A-11D0-8D11-00A0C91BC942}") = "examples_cursors", "examples_cursors.vcxproj", "{8878221F-BF0C-375E-B5C0-4A6414A6F650}"
	ProjectSection(ProjectDependencies) = postProject
		{6603AD85-A37C-35FD-89FB-A09A38832C88} = {6603AD85-A37C-35FD-89FB-A09A38832C88}
		{4466A456-0C45-375C-8E74-E797EB81B3D8} = {4466A456-0C45-375C-8E74-E797EB81B3D8}
	EndProjectSection
EndProject
Project("{8BC9CEB8-8B4A-11D0-8D11-00A0C91BC942}") = "examples_example", "examples_example.vcxproj", "{71D9B555-F9A3-39B2-8468-83842E08365D}"
	ProjectSection(ProjectDependencies) = postProject
		{6603AD85-A37C-35FD-89FB-A09A38832C88} = {6603AD85-A37C-35FD-89FB-A09A38832C88}
		{4466A456-0C45-375C-8E74-E797EB81B3D8} = {4466A456-0C45-375C-8E74-E797EB81B3D8}
	EndProjectSection
EndProject
Project("{8BC9CEB8-8B4A-11D0-8D11-00A0C91BC942}") = "examples_fontsel", "examples_fontsel.vcxproj", "{DDD0E1EB-C902-3274-B0D6-78924F609496}"
	ProjectSection(ProjectDependencies) = postProject
		{6603AD85-A37C-35FD-89FB-A09A38832C88} = {6603AD85-A37C-35FD-89FB-A09A38832C88}
		{4466A456-0C45-375C-8E74-E797EB81B3D8} = {4466A456-0C45-375C-8E74-E797EB81B3D8}
	EndProjectSection
EndProject
Project("{8BC9CEB8-8B4A-11D0-8D11-00A0C91BC942}") = "examples_pnmshow", "examples_pnmshow.vcxproj", "{42DD5E83-2D08-3E94-AA87-AA68A47B6E60}"
	ProjectSection(ProjectDependencies) = postProject
		{6603AD85-A37C-35FD-89FB-A09A38832C88} = {6603AD85-A37C-35FD-89FB-A09A38832C88}
		{4466A456-0C45-375C-8E74-E797EB81B3D8} = {4466A456-0C45-375C-8E74-E797EB81B3D8}
	EndProjectSection
EndProject
Project("{8BC9CEB8-8B4A-11D0-8D11-00A0C91BC942}") = "examples_pnmshow24", "examples_pnmshow24.vcxproj", "{7012B178-0A56-32D4-96D6-1D5AE85A5054}"
	ProjectSection(ProjectDependencies) = postProject
		{6603AD85-A37C-35FD-89FB-A09A38832C88} = {6603AD85-A37C-35FD-89FB-A09A38832C88}
		{4466A456-0C45-375C-8E74-E797EB81B3D8} = {4466A456-0C45-375C-8E74-E797EB81B3D8}
	EndProjectSection
EndProject
Project("{8BC9CEB8-8B4A-11D0-8D11-00A0C91BC942}") = "examples_regiontest", "examples_regiontest.vcxproj", "{74E1278F-941D-3202-B15E-463F7C856DCA}"
	ProjectSection(ProjectDependencies) = postProject
		{6603AD85-A37C-35FD-89FB-A09A38832C88} = {6603AD85-A37C-35FD-89FB-A09A38832C88}
		{4466A456-0C45-375C-8E74-E797EB81B3D8} = {4466A456-0C45-375C-8E74-E797EB81B3D8}
	EndProjectSection
EndProject
Project("{8BC9CEB8-8B4A-11D0-8D11-00A0C91BC942}") = "examples_repeater", "examples_repeater.vcxproj", "{3178BDF4-8383-3571-9595-B64007B39E11}"
	ProjectSection(ProjectDependencies) = postProject
		{6603AD85-A37C-35FD-89FB-A09A38832C88} = {6603AD85-A37C-35FD-89FB-A09A38832C88}
		{4466A456-0C45-375C-8E74-E797EB81B3D8} = {4466A456-0C45-375C-8E74-E797EB81B3D8}
	EndProjectSection
EndProject
Project("{8BC9CEB8-8B4A-11D0-8D11-00A0C91BC942}") = "examples_rotate", "examples_rotate.vcxproj", "{F5BE76A2-DF37-33EE-9040-2AEA74DC72B4}"
	ProjectSection(ProjectDependencies) = postProject
		{6603AD85-A37C-35FD-89FB-A09A38832C88} = {6603AD85-A37C-35FD-89FB-A09A38832C88}
		{4466A456-0C45-375C-8E74-E797EB81B3D8} = {4466A456-0C45-375C-8E74-E797EB81B3D8}
	EndProjectSection
EndProject
Project("{8BC9CEB8-8B4A-11D0-8D11-00A0C91BC942}") = "examples_simple", "examples_simple.vcxproj", "{0B76EA45-E92F-31BD-9ED4-090945F71700}"
	ProjectSection(ProjectDependencies) = postProject
		{6603AD85-A37C-35FD-89FB-A09A38832C88} = {6603AD85-A37C-35FD-89FB-A09A38832C88}
		{4466A456-0C45-375C-8E74-E797EB81B3D8} = {4466A456-0C45-375C-8E74-E797EB81B3D8}
	EndProjectSection
EndProject
Project("{8BC9CEB8-8B4A-11D0-8D11-00A0C91BC942}") = "examples_simple15", "examples_simple15.vcxproj", "{890E1419-B783-39C8-A271-9E0A8293FE3C}"
	ProjectSection(ProjectDependencies) = postProject
		{6603AD85-A37C-35FD-89FB-A09A38832C88} = {6603AD85-A37C-35FD-89FB-A09A38832C88}
		{4466A456-0C45-375C-8E74-E797EB81B3D8} = {4466A456-0C45-375C-8E74-E797EB81B3D8}
	EndProjectSection
EndProject
Project("{8BC9CEB8-8B4A-11D0-8D11-00A0C91BC942}") = "examples_storepasswd", "examples_storepasswd.vcxproj", "{985BCBEE-153B-35BB-8288-C84874E9F4B9}"
	ProjectSection(ProjectDependencies) = postProject
		{6603AD85-A37C-35FD-89FB-A09A38832C88} = {6603AD85-A37C-35FD-89FB-A09A38832C88}
		{4466A456-0C45-375C-8E74-E797EB81B3D8} = {4466A456-0C45-375C-8E74-E797EB81B3D8}
	EndProjectSection
EndProject
Project("{8BC9CEB8-8B4A-11D0-8D11-00A0C91BC942}") = "examples_vncev", "examples_vncev.vcxproj", "{3927D6A6-0A81-388D-AC79-4CE4A68D56ED}"
	ProjectSection(ProjectDependencies) = postProject
		{6603AD85-A37C-35FD-89FB-A09A38832C88} = {6603AD85-A37C-35FD-89FB-A09A38832C88}
		{4466A456-0C45-375C-8E74-E797EB81B3D8} = {4466A456-0C45-375C-8E74-E797EB81B3D8}
	EndProjectSection
EndProject
Project("{8BC9CEB8-8B4A-11D0-8D11-00A0C91BC942}") = "test_cargstest", "test_cargstest.vcxproj", "{41DF51A1-4C15-3FA6-B6A7-4107774D0EC1}"
	ProjectSection(ProjectDependencies) = postProject
		{6603AD85-A37C-35FD-89FB-A09A38832C88} = {6603AD85-A37C-35FD-89FB-A09A38832C88}
		{46835CCD-7D36-3CB0-9BD3-08828FA2E51A} = {46835CCD-7D36-3CB0-9BD3-08828FA2E51A}
		{4466A456-0C45-375C-8E74-E797EB81B3D8} = {4466A456-0C45-375C-8E74-E797EB81B3D8}
	EndProjectSection
EndProject
Project("{8BC9CEB8-8B4A-11D0-8D11-00A0C91BC942}") = "test_copyrecttest", "test_copyrecttest.vcxproj", "{6FF1169A-5CDA-34F0-A219-39AED08C205E}"
	ProjectSection(ProjectDependencies) = postProject
		{6603AD85-A37C-35FD-89FB-A09A38832C88} = {6603AD85-A37C-35FD-89FB-A09A38832C88}
		{46835CCD-7D36-3CB0-9BD3-08828FA2E51A} = {46835CCD-7D36-3CB0-9BD3-08828FA2E51A}
		{4466A456-0C45-375C-8E74-E797EB81B3D8} = {4466A456-0C45-375C-8E74-E797EB81B3D8}
	EndProjectSection
EndProject
Project("{8BC9CEB8-8B4A-11D0-8D11-00A0C91BC942}") = "test_encodingstest", "test_encodingstest.vcxproj", "{E17FFCFB-3447-34AD-B371-8AE5C191C3AE}"
	ProjectSection(ProjectDependencies) = postProject
		{6603AD85-A37C-35FD-89FB-A09A38832C88} = {6603AD85-A37C-35FD-89FB-A09A38832C88}
		{46835CCD-7D36-3CB0-9BD3-08828FA2E51A} = {46835CCD-7D36-3CB0-9BD3-08828FA2E51A}
		{4466A456-0C45-375C-8E74-E797EB81B3D8} = {4466A456-0C45-375C-8E74-E797EB81B3D8}
	EndProjectSection
EndProject
Project("{8BC9CEB8-8B4A-11D0-8D11-00A0C91BC942}") = "vncclient", "vncclient.vcxproj", "{46835CCD-7D36-3CB0-9BD3-08828FA2E51A}"
	ProjectSection(ProjectDependencies) = postProject
		{6603AD85-A37C-35FD-89FB-A09A38832C88} = {6603AD85-A37C-35FD-89FB-A09A38832C88}
	EndProjectSection
EndProject
Project("{8BC9CEB8-8B4A-11D0-8D11-00A0C91BC942}") = "vncserver", "vncserver.vcxproj", "{4466A456-0C45-375C-8E74-E797EB81B3D8}"
	ProjectSection(ProjectDependencies) = postProject
		{6603AD85-A37C-35FD-89FB-A09A38832C88} = {6603AD85-A37C-35FD-89FB-A09A38832C88}
	EndProjectSection
EndProject
Global
	GlobalSection(SolutionConfigurationPlatforms) = preSolution
		Debug|Win32 = Debug|Win32
		Release|Win32 = Release|Win32
		MinSizeRel|Win32 = MinSizeRel|Win32
		RelWithDebInfo|Win32 = RelWithDebInfo|Win32
	EndGlobalSection
	GlobalSection(ProjectConfigurationPlatforms) = postSolution
		{BA220881-4203-3693-B52B-D3D5EC50B4F3}.Debug|Win32.ActiveCfg = Debug|Win32
		{BA220881-4203-3693-B52B-D3D5EC50B4F3}.Debug|Win32.Build.0 = Debug|Win32
		{BA220881-4203-3693-B52B-D3D5EC50B4F3}.Release|Win32.ActiveCfg = Release|Win32
		{BA220881-4203-3693-B52B-D3D5EC50B4F3}.Release|Win32.Build.0 = Release|Win32
		{BA220881-4203-3693-B52B-D3D5EC50B4F3}.MinSizeRel|Win32.ActiveCfg = MinSizeRel|Win32
		{BA220881-4203-3693-B52B-D3D5EC50B4F3}.MinSizeRel|Win32.Build.0 = MinSizeRel|Win32
		{BA220881-4203-3693-B52B-D3D5EC50B4F3}.RelWithDebInfo|Win32.ActiveCfg = RelWithDebInfo|Win32
		{BA220881-4203-3693-B52B-D3D5EC50B4F3}.RelWithDebInfo|Win32.Build.0 = RelWithDebInfo|Win32
		{642C5D13-AB2D-3C6E-8D83-6483A2D67796}.Debug|Win32.ActiveCfg = Debug|Win32
		{642C5D13-AB2D-3C6E-8D83-6483A2D67796}.Release|Win32.ActiveCfg = Release|Win32
		{642C5D13-AB2D-3C6E-8D83-6483A2D67796}.MinSizeRel|Win32.ActiveCfg = MinSizeRel|Win32
		{642C5D13-AB2D-3C6E-8D83-6483A2D67796}.RelWithDebInfo|Win32.ActiveCfg = RelWithDebInfo|Win32
		{A29C46FF-2D41-37CC-A1D6-448096F9F8B8}.Debug|Win32.ActiveCfg = Debug|Win32
		{A29C46FF-2D41-37CC-A1D6-448096F9F8B8}.Release|Win32.ActiveCfg = Release|Win32
		{A29C46FF-2D41-37CC-A1D6-448096F9F8B8}.MinSizeRel|Win32.ActiveCfg = MinSizeRel|Win32
		{A29C46FF-2D41-37CC-A1D6-448096F9F8B8}.RelWithDebInfo|Win32.ActiveCfg = RelWithDebInfo|Win32
		{6603AD85-A37C-35FD-89FB-A09A38832C88}.Debug|Win32.ActiveCfg = Debug|Win32
		{6603AD85-A37C-35FD-89FB-A09A38832C88}.Debug|Win32.Build.0 = Debug|Win32
		{6603AD85-A37C-35FD-89FB-A09A38832C88}.Release|Win32.ActiveCfg = Release|Win32
		{6603AD85-A37C-35FD-89FB-A09A38832C88}.Release|Win32.Build.0 = Release|Win32
		{6603AD85-A37C-35FD-89FB-A09A38832C88}.MinSizeRel|Win32.ActiveCfg = MinSizeRel|Win32
		{6603AD85-A37C-35FD-89FB-A09A38832C88}.MinSizeRel|Win32.Build.0 = MinSizeRel|Win32
		{6603AD85-A37C-35FD-89FB-A09A38832C88}.RelWithDebInfo|Win32.ActiveCfg = RelWithDebInfo|Win32
		{6603AD85-A37C-35FD-89FB-A09A38832C88}.RelWithDebInfo|Win32.Build.0 = RelWithDebInfo|Win32
		{B104C304-3DE2-36E6-AB69-B37CA4F21BEB}.Debug|Win32.ActiveCfg = Debug|Win32
		{B104C304-3DE2-36E6-AB69-B37CA4F21BEB}.Debug|Win32.Build.0 = Debug|Win32
		{B104C304-3DE2-36E6-AB69-B37CA4F21BEB}.Release|Win32.ActiveCfg = Release|Win32
		{B104C304-3DE2-36E6-AB69-B37CA4F21BEB}.Release|Win32.Build.0 = Release|Win32
		{B104C304-3DE2-36E6-AB69-B37CA4F21BEB}.MinSizeRel|Win32.ActiveCfg = MinSizeRel|Win32
		{B104C304-3DE2-36E6-AB69-B37CA4F21BEB}.MinSizeRel|Win32.Build.0 = MinSizeRel|Win32
		{B104C304-3DE2-36E6-AB69-B37CA4F21BEB}.RelWithDebInfo|Win32.ActiveCfg = RelWithDebInfo|Win32
		{B104C304-3DE2-36E6-AB69-B37CA4F21BEB}.RelWithDebInfo|Win32.Build.0 = RelWithDebInfo|Win32
		{8D2C82BC-B4EB-367D-84F2-9E9A4586644A}.Debug|Win32.ActiveCfg = Debug|Win32
		{8D2C82BC-B4EB-367D-84F2-9E9A4586644A}.Debug|Win32.Build.0 = Debug|Win32
		{8D2C82BC-B4EB-367D-84F2-9E9A4586644A}.Release|Win32.ActiveCfg = Release|Win32
		{8D2C82BC-B4EB-367D-84F2-9E9A4586644A}.Release|Win32.Build.0 = Release|Win32
		{8D2C82BC-B4EB-367D-84F2-9E9A4586644A}.MinSizeRel|Win32.ActiveCfg = MinSizeRel|Win32
		{8D2C82BC-B4EB-367D-84F2-9E9A4586644A}.MinSizeRel|Win32.Build.0 = MinSizeRel|Win32
		{8D2C82BC-B4EB-367D-84F2-9E9A4586644A}.RelWithDebInfo|Win32.ActiveCfg = RelWithDebInfo|Win32
		{8D2C82BC-B4EB-367D-84F2-9E9A4586644A}.RelWithDebInfo|Win32.Build.0 = RelWithDebInfo|Win32
		{BF4DD6AA-CCD7-35E0-89AE-EB354E083FBF}.Debug|Win32.ActiveCfg = Debug|Win32
		{BF4DD6AA-CCD7-35E0-89AE-EB354E083FBF}.Debug|Win32.Build.0 = Debug|Win32
		{BF4DD6AA-CCD7-35E0-89AE-EB354E083FBF}.Release|Win32.ActiveCfg = Release|Win32
		{BF4DD6AA-CCD7-35E0-89AE-EB354E083FBF}.Release|Win32.Build.0 = Release|Win32
		{BF4DD6AA-CCD7-35E0-89AE-EB354E083FBF}.MinSizeRel|Win32.ActiveCfg = MinSizeRel|Win32
		{BF4DD6AA-CCD7-35E0-89AE-EB354E083FBF}.MinSizeRel|Win32.Build.0 = MinSizeRel|Win32
		{BF4DD6AA-CCD7-35E0-89AE-EB354E083FBF}.RelWithDebInfo|Win32.ActiveCfg = RelWithDebInfo|Win32
		{BF4DD6AA-CCD7-35E0-89AE-EB354E083FBF}.RelWithDebInfo|Win32.Build.0 = RelWithDebInfo|Win32
		{82B306BE-5085-3405-A598-18EC00457635}.Debug|Win32.ActiveCfg = Debug|Win32
		{82B306BE-5085-3405-A598-18EC00457635}.Debug|Win32.Build.0 = Debug|Win32
		{82B306BE-5085-3405-A598-18EC00457635}.Release|Win32.ActiveCfg = Release|Win32
		{82B306BE-5085-3405-A598-18EC00457635}.Release|Win32.Build.0 = Release|Win32
		{82B306BE-5085-3405-A598-18EC00457635}.MinSizeRel|Win32.ActiveCfg = MinSizeRel|Win32
		{82B306BE-5085-3405-A598-18EC00457635}.MinSizeRel|Win32.Build.0 = MinSizeRel|Win32
		{82B306BE-5085-3405-A598-18EC00457635}.RelWithDebInfo|Win32.ActiveCfg = RelWithDebInfo|Win32
		{82B306BE-5085-3405-A598-18EC00457635}.RelWithDebInfo|Win32.Build.0 = RelWithDebInfo|Win32
		{7E068E5F-2CDF-3D31-9DB6-BB16AC9854B7}.Debug|Win32.ActiveCfg = Debug|Win32
		{7E068E5F-2CDF-3D31-9DB6-BB16AC9854B7}.Debug|Win32.Build.0 = Debug|Win32
		{7E068E5F-2CDF-3D31-9DB6-BB16AC9854B7}.Release|Win32.ActiveCfg = Release|Win32
		{7E068E5F-2CDF-3D31-9DB6-BB16AC9854B7}.Release|Win32.Build.0 = Release|Win32
		{7E068E5F-2CDF-3D31-9DB6-BB16AC9854B7}.MinSizeRel|Win32.ActiveCfg = MinSizeRel|Win32
		{7E068E5F-2CDF-3D31-9DB6-BB16AC9854B7}.MinSizeRel|Win32.Build.0 = MinSizeRel|Win32
		{7E068E5F-2CDF-3D31-9DB6-BB16AC9854B7}.RelWithDebInfo|Win32.ActiveCfg = RelWithDebInfo|Win32
		{7E068E5F-2CDF-3D31-9DB6-BB16AC9854B7}.RelWithDebInfo|Win32.Build.0 = RelWithDebInfo|Win32
		{740BBFBF-D4CF-3C83-9FA4-B11C9B9B37C4}.Debug|Win32.ActiveCfg = Debug|Win32
		{740BBFBF-D4CF-3C83-9FA4-B11C9B9B37C4}.Debug|Win32.Build.0 = Debug|Win32
		{740BBFBF-D4CF-3C83-9FA4-B11C9B9B37C4}.Release|Win32.ActiveCfg = Release|Win32
		{740BBFBF-D4CF-3C83-9FA4-B11C9B9B37C4}.Release|Win32.Build.0 = Release|Win32
		{740BBFBF-D4CF-3C83-9FA4-B11C9B9B37C4}.MinSizeRel|Win32.ActiveCfg = MinSizeRel|Win32
		{740BBFBF-D4CF-3C83-9FA4-B11C9B9B37C4}.MinSizeRel|Win32.Build.0 = MinSizeRel|Win32
		{740BBFBF-D4CF-3C83-9FA4-B11C9B9B37C4}.RelWithDebInfo|Win32.ActiveCfg = RelWithDebInfo|Win32
		{740BBFBF-D4CF-3C83-9FA4-B11C9B9B37C4}.RelWithDebInfo|Win32.Build.0 = RelWithDebInfo|Win32
		{8878221F-BF0C-375E-B5C0-4A6414A6F650}.Debug|Win32.ActiveCfg = Debug|Win32
		{8878221F-BF0C-375E-B5C0-4A6414A6F650}.Debug|Win32.Build.0 = Debug|Win32
		{8878221F-BF0C-375E-B5C0-4A6414A6F650}.Release|Win32.ActiveCfg = Release|Win32
		{8878221F-BF0C-375E-B5C0-4A6414A6F650}.Release|Win32.Build.0 = Release|Win32
		{8878221F-BF0C-375E-B5C0-4A6414A6F650}.MinSizeRel|Win32.ActiveCfg = MinSizeRel|Win32
		{8878221F-BF0C-375E-B5C0-4A6414A6F650}.MinSizeRel|Win32.Build.0 = MinSizeRel|Win32
		{8878221F-BF0C-375E-B5C0-4A6414A6F650}.RelWithDebInfo|Win32.ActiveCfg = RelWithDebInfo|Win32
		{8878221F-BF0C-375E-B5C0-4A6414A6F650}.RelWithDebInfo|Win32.Build.0 = RelWithDebInfo|Win32
		{71D9B555-F9A3-39B2-8468-83842E08365D}.Debug|Win32.ActiveCfg = Debug|Win32
		{71D9B555-F9A3-39B2-8468-83842E08365D}.Debug|Win32.Build.0 = Debug|Win32
		{71D9B555-F9A3-39B2-8468-83842E08365D}.Release|Win32.ActiveCfg = Release|Win32
		{71D9B555-F9A3-39B2-8468-83842E08365D}.Release|Win32.Build.0 = Release|Win32
		{71D9B555-F9A3-39B2-8468-83842E08365D}.MinSizeRel|Win32.ActiveCfg = MinSizeRel|Win32
		{71D9B555-F9A3-39B2-8468-83842E08365D}.MinSizeRel|Win32.Build.0 = MinSizeRel|Win32
		{71D9B555-F9A3-39B2-8468-83842E08365D}.RelWithDebInfo|Win32.ActiveCfg = RelWithDebInfo|Win32
		{71D9B555-F9A3-39B2-8468-83842E08365D}.RelWithDebInfo|Win32.Build.0 = RelWithDebInfo|Win32
		{DDD0E1EB-C902-3274-B0D6-78924F609496}.Debug|Win32.ActiveCfg = Debug|Win32
		{DDD0E1EB-C902-3274-B0D6-78924F609496}.Debug|Win32.Build.0 = Debug|Win32
		{DDD0E1EB-C902-3274-B0D6-78924F609496}.Release|Win32.ActiveCfg = Release|Win32
		{DDD0E1EB-C902-3274-B0D6-78924F609496}.Release|Win32.Build.0 = Release|Win32
		{DDD0E1EB-C902-3274-B0D6-78924F609496}.MinSizeRel|Win32.ActiveCfg = MinSizeRel|Win32
		{DDD0E1EB-C902-3274-B0D6-78924F609496}.MinSizeRel|Win32.Build.0 = MinSizeRel|Win32
		{DDD0E1EB-C902-3274-B0D6-78924F609496}.RelWithDebInfo|Win32.ActiveCfg = RelWithDebInfo|Win32
		{DDD0E1EB-C902-3274-B0D6-78924F609496}.RelWithDebInfo|Win32.Build.0 = RelWithDebInfo|Win32
		{42DD5E83-2D08-3E94-AA87-AA68A47B6E60}.Debug|Win32.ActiveCfg = Debug|Win32
		{42DD5E83-2D08-3E94-AA87-AA68A47B6E60}.Debug|Win32.Build.0 = Debug|Win32
		{42DD5E83-2D08-3E94-AA87-AA68A47B6E60}.Release|Win32.ActiveCfg = Release|Win32
		{42DD5E83-2D08-3E94-AA87-AA68A47B6E60}.Release|Win32.Build.0 = Release|Win32
		{42DD5E83-2D08-3E94-AA87-AA68A47B6E60}.MinSizeRel|Win32.ActiveCfg = MinSizeRel|Win32
		{42DD5E83-2D08-3E94-AA87-AA68A47B6E60}.MinSizeRel|Win32.Build.0 = MinSizeRel|Win32
		{42DD5E83-2D08-3E94-AA87-AA68A47B6E60}.RelWithDebInfo|Win32.ActiveCfg = RelWithDebInfo|Win32
		{42DD5E83-2D08-3E94-AA87-AA68A47B6E60}.RelWithDebInfo|Win32.Build.0 = RelWithDebInfo|Win32
		{7012B178-0A56-32D4-96D6-1D5AE85A5054}.Debug|Win32.ActiveCfg = Debug|Win32
		{7012B178-0A56-32D4-96D6-1D5AE85A5054}.Debug|Win32.Build.0 = Debug|Win32
		{7012B178-0A56-32D4-96D6-1D5AE85A5054}.Release|Win32.ActiveCfg = Release|Win32
		{7012B178-0A56-32D4-96D6-1D5AE85A5054}.Release|Win32.Build.0 = Release|Win32
		{7012B178-0A56-32D4-96D6-1D5AE85A5054}.MinSizeRel|Win32.ActiveCfg = MinSizeRel|Win32
		{7012B178-0A56-32D4-96D6-1D5AE85A5054}.MinSizeRel|Win32.Build.0 = MinSizeRel|Win32
		{7012B178-0A56-32D4-96D6-1D5AE85A5054}.RelWithDebInfo|Win32.ActiveCfg = RelWithDebInfo|Win32
		{7012B178-0A56-32D4-96D6-1D5AE85A5054}.RelWithDebInfo|Win32.Build.0 = RelWithDebInfo|Win32
		{74E1278F-941D-3202-B15E-463F7C856DCA}.Debug|Win32.ActiveCfg = Debug|Win32
		{74E1278F-941D-3202-B15E-463F7C856DCA}.Debug|Win32.Build.0 = Debug|Win32
		{74E1278F-941D-3202-B15E-463F7C856DCA}.Release|Win32.ActiveCfg = Release|Win32
		{74E1278F-941D-3202-B15E-463F7C856DCA}.Release|Win32.Build.0 = Release|Win32
		{74E1278F-941D-3202-B15E-463F7C856DCA}.MinSizeRel|Win32.ActiveCfg = MinSizeRel|Win32
		{74E1278F-941D-3202-B15E-463F7C856DCA}.MinSizeRel|Win32.Build.0 = MinSizeRel|Win32
		{74E1278F-941D-3202-B15E-463F7C856DCA}.RelWithDebInfo|Win32.ActiveCfg = RelWithDebInfo|Win32
		{74E1278F-941D-3202-B15E-463F7C856DCA}.RelWithDebInfo|Win32.Build.0 = RelWithDebInfo|Win32
		{3178BDF4-8383-3571-9595-B64007B39E11}.Debug|Win32.ActiveCfg = Debug|Win32
		{3178BDF4-8383-3571-9595-B64007B39E11}.Debug|Win32.Build.0 = Debug|Win32
		{3178BDF4-8383-3571-9595-B64007B39E11}.Release|Win32.ActiveCfg = Release|Win32
		{3178BDF4-8383-3571-9595-B64007B39E11}.Release|Win32.Build.0 = Release|Win32
		{3178BDF4-8383-3571-9595-B64007B39E11}.MinSizeRel|Win32.ActiveCfg = MinSizeRel|Win32
		{3178BDF4-8383-3571-9595-B64007B39E11}.MinSizeRel|Win32.Build.0 = MinSizeRel|Win32
		{3178BDF4-8383-3571-9595-B64007B39E11}.RelWithDebInfo|Win32.ActiveCfg = RelWithDebInfo|Win32
		{3178BDF4-8383-3571-9595-B64007B39E11}.RelWithDebInfo|Win32.Build.0 = RelWithDebInfo|Win32
		{F5BE76A2-DF37-33EE-9040-2AEA74DC72B4}.Debug|Win32.ActiveCfg = Debug|Win32
		{F5BE76A2-DF37-33EE-9040-2AEA74DC72B4}.Debug|Win32.Build.0 = Debug|Win32
		{F5BE76A2-DF37-33EE-9040-2AEA74DC72B4}.Release|Win32.ActiveCfg = Release|Win32
		{F5BE76A2-DF37-33EE-9040-2AEA74DC72B4}.Release|Win32.Build.0 = Release|Win32
		{F5BE76A2-DF37-33EE-9040-2AEA74DC72B4}.MinSizeRel|Win32.ActiveCfg = MinSizeRel|Win32
		{F5BE76A2-DF37-33EE-9040-2AEA74DC72B4}.MinSizeRel|Win32.Build.0 = MinSizeRel|Win32
		{F5BE76A2-DF37-33EE-9040-2AEA74DC72B4}.RelWithDebInfo|Win32.ActiveCfg = RelWithDebInfo|Win32
		{F5BE76A2-DF37-33EE-9040-2AEA74DC72B4}.RelWithDebInfo|Win32.Build.0 = RelWithDebInfo|Win32
		{0B76EA45-E92F-31BD-9ED4-090945F71700}.Debug|Win32.ActiveCfg = Debug|Win32
		{0B76EA45-E92F-31BD-9ED4-090945F71700}.Debug|Win32.Build.0 = Debug|Win32
		{0B76EA45-E92F-31BD-9ED4-090945F71700}.Release|Win32.ActiveCfg = Release|Win32
		{0B76EA45-E92F-31BD-9ED4-090945F71700}.Release|Win32.Build.0 = Release|Win32
		{0B76EA45-E92F-31BD-9ED4-090945F71700}.MinSizeRel|Win32.ActiveCfg = MinSizeRel|Win32
		{0B76EA45-E92F-31BD-9ED4-090945F71700}.MinSizeRel|Win32.Build.0 = MinSizeRel|Win32
		{0B76EA45-E92F-31BD-9ED4-090945F71700}.RelWithDebInfo|Win32.ActiveCfg = RelWithDebInfo|Win32
		{0B76EA45-E92F-31BD-9ED4-090945F71700}.RelWithDebInfo|Win32.Build.0 = RelWithDebInfo|Win32
		{890E1419-B783-39C8-A271-9E0A8293FE3C}.Debug|Win32.ActiveCfg = Debug|Win32
		{890E1419-B783-39C8-A271-9E0A8293FE3C}.Debug|Win32.Build.0 = Debug|Win32
		{890E1419-B783-39C8-A271-9E0A8293FE3C}.Release|Win32.ActiveCfg = Release|Win32
		{890E1419-B783-39C8-A271-9E0A8293FE3C}.Release|Win32.Build.0 = Release|Win32
		{890E1419-B783-39C8-A271-9E0A8293FE3C}.MinSizeRel|Win32.ActiveCfg = MinSizeRel|Win32
		{890E1419-B783-39C8-A271-9E0A8293FE3C}.MinSizeRel|Win32.Build.0 = MinSizeRel|Win32
		{890E1419-B783-39C8-A271-9E0A8293FE3C}.RelWithDebInfo|Win32.ActiveCfg = RelWithDebInfo|Win32
		{890E1419-B783-39C8-A271-9E0A8293FE3C}.RelWithDebInfo|Win32.Build.0 = RelWithDebInfo|Win32
		{985BCBEE-153B-35BB-8288-C84874E9F4B9}.Debug|Win32.ActiveCfg = Debug|Win32
		{985BCBEE-153B-35BB-8288-C84874E9F4B9}.Debug|Win32.Build.0 = Debug|Win32
		{985BCBEE-153B-35BB-8288-C84874E9F4B9}.Release|Win32.ActiveCfg = Release|Win32
		{985BCBEE-153B-35BB-8288-C84874E9F4B9}.Release|Win32.Build.0 = Release|Win32
		{985BCBEE-153B-35BB-8288-C84874E9F4B9}.MinSizeRel|Win32.ActiveCfg = MinSizeRel|Win32
		{985BCBEE-153B-35BB-8288-C84874E9F4B9}.MinSizeRel|Win32.Build.0 = MinSizeRel|Win32
		{985BCBEE-153B-35BB-8288-C84874E9F4B9}.RelWithDebInfo|Win32.ActiveCfg = RelWithDebInfo|Win32
		{985BCBEE-153B-35BB-8288-C84874E9F4B9}.RelWithDebInfo|Win32.Build.0 = RelWithDebInfo|Win32
		{3927D6A6-0A81-388D-AC79-4CE4A68D56ED}.Debug|Win32.ActiveCfg = Debug|Win32
		{3927D6A6-0A81-388D-AC79-4CE4A68D56ED}.Debug|Win32.Build.0 = Debug|Win32
		{3927D6A6-0A81-388D-AC79-4CE4A68D56ED}.Release|Win32.ActiveCfg = Release|Win32
		{3927D6A6-0A81-388D-AC79-4CE4A68D56ED}.Release|Win32.Build.0 = Release|Win32
		{3927D6A6-0A81-388D-AC79-4CE4A68D56ED}.MinSizeRel|Win32.ActiveCfg = MinSizeRel|Win32
		{3927D6A6-0A81-388D-AC79-4CE4A68D56ED}.MinSizeRel|Win32.Build.0 = MinSizeRel|Win32
		{3927D6A6-0A81-388D-AC79-4CE4A68D56ED}.RelWithDebInfo|Win32.ActiveCfg = RelWithDebInfo|Win32
		{3927D6A6-0A81-388D-AC79-4CE4A68D56ED}.RelWithDebInfo|Win32.Build.0 = RelWithDebInfo|Win32
		{41DF51A1-4C15-3FA6-B6A7-4107774D0EC1}.Debug|Win32.ActiveCfg = Debug|Win32
		{41DF51A1-4C15-3FA6-B6A7-4107774D0EC1}.Debug|Win32.Build.0 = Debug|Win32
		{41DF51A1-4C15-3FA6-B6A7-4107774D0EC1}.Release|Win32.ActiveCfg = Release|Win32
		{41DF51A1-4C15-3FA6-B6A7-4107774D0EC1}.Release|Win32.Build.0 = Release|Win32
		{41DF51A1-4C15-3FA6-B6A7-4107774D0EC1}.MinSizeRel|Win32.ActiveCfg = MinSizeRel|Win32
		{41DF51A1-4C15-3FA6-B6A7-4107774D0EC1}.MinSizeRel|Win32.Build.0 = MinSizeRel|Win32
		{41DF51A1-4C15-3FA6-B6A7-4107774D0EC1}.RelWithDebInfo|Win32.ActiveCfg = RelWithDebInfo|Win32
		{41DF51A1-4C15-3FA6-B6A7-4107774D0EC1}.RelWithDebInfo|Win32.Build.0 = RelWithDebInfo|Win32
		{6FF1169A-5CDA-34F0-A219-39AED08C205E}.Debug|Win32.ActiveCfg = Debug|Win32
		{6FF1169A-5CDA-34F0-A219-39AED08C205E}.Debug|Win32.Build.0 = Debug|Win32
		{6FF1169A-5CDA-34F0-A219-39AED08C205E}.Release|Win32.ActiveCfg = Release|Win32
		{6FF1169A-5CDA-34F0-A219-39AED08C205E}.Release|Win32.Build.0 = Release|Win32
		{6FF1169A-5CDA-34F0-A219-39AED08C205E}.MinSizeRel|Win32.ActiveCfg = MinSizeRel|Win32
		{6FF1169A-5CDA-34F0-A219-39AED08C205E}.MinSizeRel|Win32.Build.0 = MinSizeRel|Win32
		{6FF1169A-5CDA-34F0-A219-39AED08C205E}.RelWithDebInfo|Win32.ActiveCfg = RelWithDebInfo|Win32
		{6FF1169A-5CDA-34F0-A219-39AED08C205E}.RelWithDebInfo|Win32.Build.0 = RelWithDebInfo|Win32
		{E17FFCFB-3447-34AD-B371-8AE5C191C3AE}.Debug|Win32.ActiveCfg = Debug|Win32
		{E17FFCFB-3447-34AD-B371-8AE5C191C3AE}.Debug|Win32.Build.0 = Debug|Win32
		{E17FFCFB-3447-34AD-B371-8AE5C191C3AE}.Release|Win32.ActiveCfg = Release|Win32
		{E17FFCFB-3447-34AD-B371-8AE5C191C3AE}.Release|Win32.Build.0 = Release|Win32
		{E17FFCFB-3447-34AD-B371-8AE5C191C3AE}.MinSizeRel|Win32.ActiveCfg = MinSizeRel|Win32
		{E17FFCFB-3447-34AD-B371-8AE5C191C3AE}.MinSizeRel|Win32.Build.0 = MinSizeRel|Win32
		{E17FFCFB-3447-34AD-B371-8AE5C191C3AE}.RelWithDebInfo|Win32.ActiveCfg = RelWithDebInfo|Win32
		{E17FFCFB-3447-34AD-B371-8AE5C191C3AE}.RelWithDebInfo|Win32.Build.0 = RelWithDebInfo|Win32
		{46835CCD-7D36-3CB0-9BD3-08828FA2E51A}.Debug|Win32.ActiveCfg = Debug|Win32
		{46835CCD-7D36-3CB0-9BD3-08828FA2E51A}.Debug|Win32.Build.0 = Debug|Win32
		{46835CCD-7D36-3CB0-9BD3-08828FA2E51A}.Release|Win32.ActiveCfg = Release|Win32
		{46835CCD-7D36-3CB0-9BD3-08828FA2E51A}.Release|Win32.Build.0 = Release|Win32
		{46835CCD-7D36-3CB0-9BD3-08828FA2E51A}.MinSizeRel|Win32.ActiveCfg = MinSizeRel|Win32
		{46835CCD-7D36-3CB0-9BD3-08828FA2E51A}.MinSizeRel|Win32.Build.0 = MinSizeRel|Win32
		{46835CCD-7D36-3CB0-9BD3-08828FA2E51A}.RelWithDebInfo|Win32.ActiveCfg = RelWithDebInfo|Win32
		{46835CCD-7D36-3CB0-9BD3-08828FA2E51A}.RelWithDebInfo|Win32.Build.0 = RelWithDebInfo|Win32
		{4466A456-0C45-375C-8E74-E797EB81B3D8}.Debug|Win32.ActiveCfg = Debug|Win32
		{4466A456-0C45-375C-8E74-E797EB81B3D8}.Debug|Win32.Build.0 = Debug|Win32
		{4466A456-0C45-375C-8E74-E797EB81B3D8}.Release|Win32.ActiveCfg = Release|Win32
		{4466A456-0C45-375C-8E74-E797EB81B3D8}.Release|Win32.Build.0 = Release|Win32
		{4466A456-0C45-375C-8E74-E797EB81B3D8}.MinSizeRel|Win32.ActiveCfg = MinSizeRel|Win32
		{4466A456-0C45-375C-8E74-E797EB81B3D8}.MinSizeRel|Win32.Build.0 = MinSizeRel|Win32
		{4466A456-0C45-375C-8E74-E797EB81B3D8}.RelWithDebInfo|Win32.ActiveCfg = RelWithDebInfo|Win32
		{4466A456-0C45-375C-8E74-E797EB81B3D8}.RelWithDebInfo|Win32.Build.0 = RelWithDebInfo|Win32
	EndGlobalSection
	GlobalSection(ExtensibilityGlobals) = postSolution
		SolutionGuid = {8B421280-ACAF-37F6-BF43-A9005E9A50F9}
	EndGlobalSection
	GlobalSection(ExtensibilityAddIns) = postSolution
	EndGlobalSection
EndGlobal
